
Microsoft Visual Studio Solution File, Format Version 12.00
# Visual Studio 15
VisualStudioVersion = 15.0.27004.2010
MinimumVisualStudioVersion = 10.0.40219.1
Project("{FAE04EC0-301F-11D3-BF4B-00C04F79EFBC}") = "VSTSSeleniumProject", "VSTSSeleniumProject\VSTSSeleniumProject.csproj", "{FC8F05B5-454D-4CCB-9820-874741010087}"
EndProject
Global
	GlobalSection(SolutionConfigurationPlatforms) = preSolution
		Debug|Any CPU = Debug|Any CPU
		Release|Any CPU = Release|Any CPU
	EndGlobalSection
	GlobalSection(ProjectConfigurationPlatforms) = postSolution
		{FC8F05B5-454D-4CCB-9820-874741010087}.Debug|Any CPU.ActiveCfg = Debug|Any CPU
		{FC8F05B5-454D-4CCB-9820-874741010087}.Debug|Any CPU.Build.0 = Debug|Any CPU
		{FC8F05B5-454D-4CCB-9820-874741010087}.Release|Any CPU.ActiveCfg = Release|Any CPU
		{FC8F05B5-454D-4CCB-9820-874741010087}.Release|Any CPU.Build.0 = Release|Any CPU
	EndGlobalSection
	GlobalSection(SolutionProperties) = preSolution
		HideSolutionNode = FALSE
	EndGlobalSection
	GlobalSection(ExtensibilityGlobals) = postSolution
		SolutionGuid = {82695831-E5A2-4EFA-95E8-70DA1B82FC4C}
	EndGlobalSection
EndGlobal
